
Microsoft Visual Studio Solution File, Format Version 12.00
# Visual Studio 15
VisualStudioVersion = 15.0.26124.0
MinimumVisualStudioVersion = 15.0.26124.0
Project("{2150E333-8FDC-42A3-9474-1A3956D46DE8}") = "src", "src", "{55C90454-E3CD-44C6-8EFF-0F1A1482D094}"
EndProject
Project("{F2A71F9B-5D33-465A-A702-920D77279786}") = "Bible.Domain", "src\Bible.Domain\Bible.Domain.fsproj", "{89A76BCE-2C00-4A58-8F65-1FD2E29B0677}"
EndProject
Project("{F2A71F9B-5D33-465A-A702-920D77279786}") = "Bible.Tools", "src\Bible.Tools\Bible.Tools.fsproj", "{397F2EEB-6414-4DF6-A850-984C0DC2952A}"
EndProject
Project("{F2A71F9B-5D33-465A-A702-920D77279786}") = "BibleStatsRunner", "src\BibleStatsRunner\BibleStatsRunner.fsproj", "{0B5A008C-3C3A-4ED8-87A6-0CD8B15E7892}"
EndProject
Global
	GlobalSection(SolutionConfigurationPlatforms) = preSolution
		Debug|Any CPU = Debug|Any CPU
		Debug|x64 = Debug|x64
		Debug|x86 = Debug|x86
		Release|Any CPU = Release|Any CPU
		Release|x64 = Release|x64
		Release|x86 = Release|x86
	EndGlobalSection
	GlobalSection(SolutionProperties) = preSolution
		HideSolutionNode = FALSE
	EndGlobalSection
	GlobalSection(ProjectConfigurationPlatforms) = postSolution
		{89A76BCE-2C00-4A58-8F65-1FD2E29B0677}.Debug|Any CPU.ActiveCfg = Debug|Any CPU
		{89A76BCE-2C00-4A58-8F65-1FD2E29B0677}.Debug|Any CPU.Build.0 = Debug|Any CPU
		{89A76BCE-2C00-4A58-8F65-1FD2E29B0677}.Debug|x64.ActiveCfg = Debug|Any CPU
		{89A76BCE-2C00-4A58-8F65-1FD2E29B0677}.Debug|x64.Build.0 = Debug|Any CPU
		{89A76BCE-2C00-4A58-8F65-1FD2E29B0677}.Debug|x86.ActiveCfg = Debug|Any CPU
		{89A76BCE-2C00-4A58-8F65-1FD2E29B0677}.Debug|x86.Build.0 = Debug|Any CPU
		{89A76BCE-2C00-4A58-8F65-1FD2E29B0677}.Release|Any CPU.ActiveCfg = Release|Any CPU
		{89A76BCE-2C00-4A58-8F65-1FD2E29B0677}.Release|Any CPU.Build.0 = Release|Any CPU
		{89A76BCE-2C00-4A58-8F65-1FD2E29B0677}.Release|x64.ActiveCfg = Release|Any CPU
		{89A76BCE-2C00-4A58-8F65-1FD2E29B0677}.Release|x64.Build.0 = Release|Any CPU
		{89A76BCE-2C00-4A58-8F65-1FD2E29B0677}.Release|x86.ActiveCfg = Release|Any CPU
		{89A76BCE-2C00-4A58-8F65-1FD2E29B0677}.Release|x86.Build.0 = Release|Any CPU
		{397F2EEB-6414-4DF6-A850-984C0DC2952A}.Debug|Any CPU.ActiveCfg = Debug|Any CPU
		{397F2EEB-6414-4DF6-A850-984C0DC2952A}.Debug|Any CPU.Build.0 = Debug|Any CPU
		{397F2EEB-6414-4DF6-A850-984C0DC2952A}.Debug|x64.ActiveCfg = Debug|Any CPU
		{397F2EEB-6414-4DF6-A850-984C0DC2952A}.Debug|x64.Build.0 = Debug|Any CPU
		{397F2EEB-6414-4DF6-A850-984C0DC2952A}.Debug|x86.ActiveCfg = Debug|Any CPU
		{397F2EEB-6414-4DF6-A850-984C0DC2952A}.Debug|x86.Build.0 = Debug|Any CPU
		{397F2EEB-6414-4DF6-A850-984C0DC2952A}.Release|Any CPU.ActiveCfg = Release|Any CPU
		{397F2EEB-6414-4DF6-A850-984C0DC2952A}.Release|Any CPU.Build.0 = Release|Any CPU
		{397F2EEB-6414-4DF6-A850-984C0DC2952A}.Release|x64.ActiveCfg = Release|Any CPU
		{397F2EEB-6414-4DF6-A850-984C0DC2952A}.Release|x64.Build.0 = Release|Any CPU
		{397F2EEB-6414-4DF6-A850-984C0DC2952A}.Release|x86.ActiveCfg = Release|Any CPU
		{397F2EEB-6414-4DF6-A850-984C0DC2952A}.Release|x86.Build.0 = Release|Any CPU
		{0B5A008C-3C3A-4ED8-87A6-0CD8B15E7892}.Debug|Any CPU.ActiveCfg = Debug|Any CPU
		{0B5A008C-3C3A-4ED8-87A6-0CD8B15E7892}.Debug|Any CPU.Build.0 = Debug|Any CPU
		{0B5A008C-3C3A-4ED8-87A6-0CD8B15E7892}.Debug|x64.ActiveCfg = Debug|Any CPU
		{0B5A008C-3C3A-4ED8-87A6-0CD8B15E7892}.Debug|x64.Build.0 = Debug|Any CPU
		{0B5A008C-3C3A-4ED8-87A6-0CD8B15E7892}.Debug|x86.ActiveCfg = Debug|Any CPU
		{0B5A008C-3C3A-4ED8-87A6-0CD8B15E7892}.Debug|x86.Build.0 = Debug|Any CPU
		{0B5A008C-3C3A-4ED8-87A6-0CD8B15E7892}.Release|Any CPU.ActiveCfg = Release|Any CPU
		{0B5A008C-3C3A-4ED8-87A6-0CD8B15E7892}.Release|Any CPU.Build.0 = Release|Any CPU
		{0B5A008C-3C3A-4ED8-87A6-0CD8B15E7892}.Release|x64.ActiveCfg = Release|Any CPU
		{0B5A008C-3C3A-4ED8-87A6-0CD8B15E7892}.Release|x64.Build.0 = Release|Any CPU
		{0B5A008C-3C3A-4ED8-87A6-0CD8B15E7892}.Release|x86.ActiveCfg = Release|Any CPU
		{0B5A008C-3C3A-4ED8-87A6-0CD8B15E7892}.Release|x86.Build.0 = Release|Any CPU
	EndGlobalSection
	GlobalSection(NestedProjects) = preSolution
		{89A76BCE-2C00-4A58-8F65-1FD2E29B0677} = {55C90454-E3CD-44C6-8EFF-0F1A1482D094}
		{397F2EEB-6414-4DF6-A850-984C0DC2952A} = {55C90454-E3CD-44C6-8EFF-0F1A1482D094}
		{0B5A008C-3C3A-4ED8-87A6-0CD8B15E7892} = {55C90454-E3CD-44C6-8EFF-0F1A1482D094}
	EndGlobalSection
EndGlobal
